
Microsoft Visual Studio Solution File, Format Version 12.00
# Visual Studio Version 18
VisualStudioVersion = 18.2.11415.280
MinimumVisualStudioVersion = 10.0.40219.1
Project("{8BC9CEB8-8B4A-11D0-8D11-00A0C91BC942}") = "AreaOfInterestComponent", "AreaOfInterestComponent\AreaOfInterestComponent.vcxproj", "{B44A5D54-9FAE-4174-AA40-8CB0E70713FD}"
EndProject
Project("{8BC9CEB8-8B4A-11D0-8D11-00A0C91BC942}") = "AtmosphereComponent", "AtmosphereComponent\AtmosphereComponent.vcxproj", "{AE55EBC8-552F-469C-B8D2-E9D78D9C30D3}"
EndProject
Project("{8BC9CEB8-8B4A-11D0-8D11-00A0C91BC942}") = "AnimationSequenceComponent", "AnimationSequenceComponent\AnimationSequenceComponent.vcxproj", "{8479A509-BAD2-4EED-A38E-EA4DAD2878B8}"
EndProject
Project("{8BC9CEB8-8B4A-11D0-8D11-00A0C91BC942}") = "ParticleFxComponent", "ParticleFxComponent\ParticleFxComponent.vcxproj", "{428A0A3E-852E-4FDB-BA1B-4F63595FDD1A}"
EndProject
Project("{8BC9CEB8-8B4A-11D0-8D11-00A0C91BC942}") = "SpeechBubbleComponent", "SpeechBubbleComponent\SpeechBubbleComponent.vcxproj", "{34DAF400-8AC4-4B69-8C49-B781062984F2}"
EndProject
Project("{8BC9CEB8-8B4A-11D0-8D11-00A0C91BC942}") = "SelectGameObjectsComponent", "SelectGameObjectsComponent\SelectGameObjectsComponent.vcxproj", "{DE08F9C5-90A9-4636-9BCE-01BC8010C02C}"
EndProject
Project("{8BC9CEB8-8B4A-11D0-8D11-00A0C91BC942}") = "VegetationComponent", "VegetationComponent\VegetationComponent.vcxproj", "{C6F0802D-7716-489E-A0A3-2F43441110E3}"
EndProject
Project("{8BC9CEB8-8B4A-11D0-8D11-00A0C91BC942}") = "SSAOComponent", "SSAOComponent\SSAOComponent.vcxproj", "{554F3F7D-03D3-4867-A13E-41EA244B759D}"
EndProject
Project("{8BC9CEB8-8B4A-11D0-8D11-00A0C91BC942}") = "DistortionComponent", "DistortionComponent\DistortionComponent.vcxproj", "{368CFE97-B9C9-44BA-AB4A-BB4D7EA82AC9}"
EndProject
Project("{8BC9CEB8-8B4A-11D0-8D11-00A0C91BC942}") = "PickerComponent", "PickerComponent\PickerComponent.vcxproj", "{440824EF-A16C-4B8B-B618-6592C4EF0EB4}"
EndProject
Project("{8BC9CEB8-8B4A-11D0-8D11-00A0C91BC942}") = "ReferenceComponent", "ReferenceComponent\ReferenceComponent.vcxproj", "{406E22F5-C83F-4B20-828A-5011C45C8302}"
EndProject
Project("{8BC9CEB8-8B4A-11D0-8D11-00A0C91BC942}") = "Rect2DComponent", "Rect2DComponent\Rect2DComponent.vcxproj", "{57CAD8D9-4120-4CE9-A9F8-44C7B3305C3E}"
EndProject
Project("{8BC9CEB8-8B4A-11D0-8D11-00A0C91BC942}") = "TransformHistoryComponent", "TransformHistoryComponent\TransformHistoryComponent.vcxproj", "{0990E680-4CC1-4D95-970E-EC42CE758BE3}"
EndProject
Project("{8BC9CEB8-8B4A-11D0-8D11-00A0C91BC942}") = "TransformEaseComponent", "TransformEaseComponent\TransformEaseComponent.vcxproj", "{77CB3325-2A3C-47C3-8D2A-A9CEC0A0EF40}"
EndProject
Project("{8BC9CEB8-8B4A-11D0-8D11-00A0C91BC942}") = "PurePursuitComponent", "PurePursuitComponent\PurePursuitComponent.vcxproj", "{F826AF49-6343-4046-9533-B2B44C8CDC1B}"
EndProject
Project("{8BC9CEB8-8B4A-11D0-8D11-00A0C91BC942}") = "RaceGoalComponent", "RaceGoalComponent\RaceGoalComponent.vcxproj", "{3B04A12F-13EC-48AE-81E9-B17189B5B606}"
EndProject
Project("{8BC9CEB8-8B4A-11D0-8D11-00A0C91BC942}") = "MinimapComponent", "MinimapComponent\MinimapComponent.vcxproj", "{626103BB-3E8B-475B-9E97-A986213EDBD8}"
EndProject
Project("{8BC9CEB8-8B4A-11D0-8D11-00A0C91BC942}") = "RandomImageShuffler", "RandomImageShuffler\RandomImageShuffler.vcxproj", "{9F1F4D35-F830-4743-AF1F-1B602E422930}"
EndProject
Project("{8BC9CEB8-8B4A-11D0-8D11-00A0C91BC942}") = "KeyholeEffectComponent", "KeyholeEffectComponent\KeyholeEffectComponent.vcxproj", "{AFC483C7-E666-4463-ADC6-019607E6386C}"
EndProject
Project("{8BC9CEB8-8B4A-11D0-8D11-00A0C91BC942}") = "MyGuiSpriteComponent", "MyGuiSpriteComponent\MyGuiSpriteComponent.vcxproj", "{B65A73D6-6690-4C1F-BD42-E0AC2466C139}"
EndProject
Project("{8BC9CEB8-8B4A-11D0-8D11-00A0C91BC942}") = "SplitScreenComponent", "SplitScreenComponent\SplitScreenComponent.vcxproj", "{4F12A48E-C4B2-47FB-B31B-EE8A48EC5FDB}"
EndProject
Project("{8BC9CEB8-8B4A-11D0-8D11-00A0C91BC942}") = "JoystickConfigurationComponent", "JoystickConfigurationComponent\JoystickRConfigurationComponent.vcxproj", "{6133EA3B-C913-42FF-8A41-5C510BE9A6D3}"
EndProject
Project("{8BC9CEB8-8B4A-11D0-8D11-00A0C91BC942}") = "KeyboardConfigurationComponent", "KeyboardConfigurationComponent\KeyboardConfigurationComponent.vcxproj", "{42F31C93-38C2-40B0-AD33-EAD1E691952C}"
EndProject
Project("{8BC9CEB8-8B4A-11D0-8D11-00A0C91BC942}") = "ActivationComponent", "ActivationComponent\ActivationComponent.vcxproj", "{2856B45D-A283-4747-9FB9-7E5770D1B36F}"
EndProject
Project("{8BC9CEB8-8B4A-11D0-8D11-00A0C91BC942}") = "AttributeEffectComponent", "AttributeEffectComponent\AttributeEffectComponent.vcxproj", "{4C883359-9754-4D1B-B3E2-35DE01F7EC0A}"
EndProject
Project("{8BC9CEB8-8B4A-11D0-8D11-00A0C91BC942}") = "CameraBehaviorAttachComponent", "CameraBehaviorAttachComponent\CameraBehaviorAttachComponent.vcxproj", "{46C97B29-BEA1-47BF-8464-D5CF17B0B171}"
EndProject
Project("{8BC9CEB8-8B4A-11D0-8D11-00A0C91BC942}") = "BillboardComponent", "BillboardComponent\BillboardComponent.vcxproj", "{BA9D98F3-6417-47D4-BCBC-DDEF9D0055F1}"
EndProject
Project("{8BC9CEB8-8B4A-11D0-8D11-00A0C91BC942}") = "InventoryItemComponent", "InventoryItemComponent\InventoryItemComponent.vcxproj", "{50ED3E69-5895-49DD-BB26-7FEB2F5B328A}"
EndProject
Project("{8BC9CEB8-8B4A-11D0-8D11-00A0C91BC942}") = "LookAfterComponent", "LookAfterComponent\LookAfterComponent.vcxproj", "{7B07D611-ED35-4B49-B7E6-67D75AB11C30}"
EndProject
Project("{8BC9CEB8-8B4A-11D0-8D11-00A0C91BC942}") = "FollowTargetComponent", "FollowTargetComponent\FollowTargetComponent.vcxproj", "{DE6A2EC5-45E9-4CF0-9F64-55655844B556}"
EndProject
Project("{8BC9CEB8-8B4A-11D0-8D11-00A0C91BC942}") = "MeshModifyComponent", "MeshModifyComponent\MeshModifyComponent.vcxproj", "{C4FBABA8-E557-4D1B-8C56-D2613AA0437E}"
EndProject
Project("{8BC9CEB8-8B4A-11D0-8D11-00A0C91BC942}") = "TimeLineComponent", "TimeLineComponent\TimeLineComponent.vcxproj", "{784F7C0F-26A7-44E7-94C6-FDA9E98589A4}"
EndProject
Project("{8BC9CEB8-8B4A-11D0-8D11-00A0C91BC942}") = "TimeTriggerComponent", "TimeTriggerComponent\TimeTriggerComponent.vcxproj", "{ACB6212C-BAB6-4CA1-8D90-DAAE2430A346}"
EndProject
Project("{8BC9CEB8-8B4A-11D0-8D11-00A0C91BC942}") = "HdrEffectComponent", "HdrEffectComponent\HdrEffectComponent.vcxproj", "{AFD06706-939D-47DD-861A-4AD53845A875}"
EndProject
Project("{8BC9CEB8-8B4A-11D0-8D11-00A0C91BC942}") = "UnderwaterEffectComponent", "UnderwaterEffectComponent\UnderwaterEffectComponent.vcxproj", "{EC5C45F2-58BA-4234-8A1F-294F382820BF}"
EndProject
Project("{8BC9CEB8-8B4A-11D0-8D11-00A0C91BC942}") = "OceanEffectComponent", "OceanEffectComponent\OceanEffectComponent.vcxproj", "{86E556D2-5839-427E-8066-675F2036D2DE}"
EndProject
Project("{8BC9CEB8-8B4A-11D0-8D11-00A0C91BC942}") = "PccPerPixelGridPlacementComponent", "PccPerPixelGridPlacementComponent\PccPerPixelGridPlacementComponent.vcxproj", "{E1EB6648-2042-4B66-B81D-95B3878A6862}"
EndProject
Project("{8BC9CEB8-8B4A-11D0-8D11-00A0C91BC942}") = "InstantRadiosityComponent", "InstantRadiosityComponent\InstantRadiosityComponent.vcxproj", "{304D9685-917B-421F-B832-877C0D74550D}"
	ProjectSection(ProjectDependencies) = postProject
		{8C12F513-DA02-465D-A01F-20B0127D8AED} = {8C12F513-DA02-465D-A01F-20B0127D8AED}
	EndProjectSection
EndProject
Project("{8BC9CEB8-8B4A-11D0-8D11-00A0C91BC942}") = "MorphAnimationComponent", "MorphAnimationComponent\MorphAnimationComponent.vcxproj", "{036FBB89-6757-4420-8C8B-962FE3B46FF0}"
EndProject
Project("{8BC9CEB8-8B4A-11D0-8D11-00A0C91BC942}") = "LightAreaOfInterestComponent", "LightAreaOfInterestComponent\LightAreaOfInterestComponent.vcxproj", "{8C12F513-DA02-465D-A01F-20B0127D8AED}"
EndProject
Project("{8BC9CEB8-8B4A-11D0-8D11-00A0C91BC942}") = "WaterFoamEffectComponent", "WaterFoamEffectComponent\WaterFoamEffectComponent.vcxproj", "{FF3F7998-C6E2-4600-AA45-DA2A52E30DA4}"
EndProject
Project("{8BC9CEB8-8B4A-11D0-8D11-00A0C91BC942}") = "ProceduralTerrainCreationComponent", "ProceduralTerrainCreationComponent\ProceduralTerrainCreationComponent.vcxproj", "{21D027FA-05D0-4169-B138-12682C0A0FFE}"
EndProject
Project("{8BC9CEB8-8B4A-11D0-8D11-00A0C91BC942}") = "NOWAAssistantComponent", "NOWAAssistantComponent\NOWAAssistantComponent.vcxproj", "{188C4E39-2BC6-444C-BB31-B9FCC53425AB}"
EndProject
Project("{8BC9CEB8-8B4A-11D0-8D11-00A0C91BC942}") = "IESLightComponent", "IESLightComponent\IESLightComponent.vcxproj", "{B8EC3AF6-8011-4645-89C4-C78442305E05}"
EndProject
Project("{8BC9CEB8-8B4A-11D0-8D11-00A0C91BC942}") = "ProceduralMazeComponent", "ProceduralMazeComponent\ProceduralMazeComponent.vcxproj", "{715DB818-EA3B-4F3A-8EC9-50A9B309DE0F}"
EndProject
Project("{8BC9CEB8-8B4A-11D0-8D11-00A0C91BC942}") = "ProceduralWallcomponent", "ProceduralWallcomponent\ProceduralWallcomponent.vcxproj", "{B41FC7F0-D0F5-4501-9493-D940E167E4D2}"
EndProject
Project("{8BC9CEB8-8B4A-11D0-8D11-00A0C91BC942}") = "ProceduralRoadComponent", "ProceduralRoadComponent\ProceduralRoadComponent.vcxproj", "{6EB93ADC-1898-4BE7-9AEC-A04FB59C80F1}"
EndProject
Project("{8BC9CEB8-8B4A-11D0-8D11-00A0C91BC942}") = "ProceduralFoliageVolumeComponent", "ProceduralFoliageVolumeComponent\ProceduralFoliageVolumeComponent.vcxproj", "{227E4E4D-968A-457A-9503-CE7D692EB2D5}"
EndProject
Global
	GlobalSection(SolutionConfigurationPlatforms) = preSolution
		Debug|x64 = Debug|x64
		Release|x64 = Release|x64
	EndGlobalSection
	GlobalSection(ProjectConfigurationPlatforms) = postSolution
		{B44A5D54-9FAE-4174-AA40-8CB0E70713FD}.Debug|x64.ActiveCfg = Debug|x64
		{B44A5D54-9FAE-4174-AA40-8CB0E70713FD}.Debug|x64.Build.0 = Debug|x64
		{B44A5D54-9FAE-4174-AA40-8CB0E70713FD}.Release|x64.ActiveCfg = Release|x64
		{B44A5D54-9FAE-4174-AA40-8CB0E70713FD}.Release|x64.Build.0 = Release|x64
		{AE55EBC8-552F-469C-B8D2-E9D78D9C30D3}.Debug|x64.ActiveCfg = Debug|x64
		{AE55EBC8-552F-469C-B8D2-E9D78D9C30D3}.Debug|x64.Build.0 = Debug|x64
		{AE55EBC8-552F-469C-B8D2-E9D78D9C30D3}.Release|x64.ActiveCfg = Release|x64
		{AE55EBC8-552F-469C-B8D2-E9D78D9C30D3}.Release|x64.Build.0 = Release|x64
		{8479A509-BAD2-4EED-A38E-EA4DAD2878B8}.Debug|x64.ActiveCfg = Debug|x64
		{8479A509-BAD2-4EED-A38E-EA4DAD2878B8}.Debug|x64.Build.0 = Debug|x64
		{8479A509-BAD2-4EED-A38E-EA4DAD2878B8}.Release|x64.ActiveCfg = Release|x64
		{8479A509-BAD2-4EED-A38E-EA4DAD2878B8}.Release|x64.Build.0 = Release|x64
		{428A0A3E-852E-4FDB-BA1B-4F63595FDD1A}.Debug|x64.ActiveCfg = Debug|x64
		{428A0A3E-852E-4FDB-BA1B-4F63595FDD1A}.Debug|x64.Build.0 = Debug|x64
		{428A0A3E-852E-4FDB-BA1B-4F63595FDD1A}.Release|x64.ActiveCfg = Release|x64
		{428A0A3E-852E-4FDB-BA1B-4F63595FDD1A}.Release|x64.Build.0 = Release|x64
		{34DAF400-8AC4-4B69-8C49-B781062984F2}.Debug|x64.ActiveCfg = Debug|x64
		{34DAF400-8AC4-4B69-8C49-B781062984F2}.Debug|x64.Build.0 = Debug|x64
		{34DAF400-8AC4-4B69-8C49-B781062984F2}.Release|x64.ActiveCfg = Release|x64
		{34DAF400-8AC4-4B69-8C49-B781062984F2}.Release|x64.Build.0 = Release|x64
		{DE08F9C5-90A9-4636-9BCE-01BC8010C02C}.Debug|x64.ActiveCfg = Debug|x64
		{DE08F9C5-90A9-4636-9BCE-01BC8010C02C}.Debug|x64.Build.0 = Debug|x64
		{DE08F9C5-90A9-4636-9BCE-01BC8010C02C}.Release|x64.ActiveCfg = Release|x64
		{DE08F9C5-90A9-4636-9BCE-01BC8010C02C}.Release|x64.Build.0 = Release|x64
		{C6F0802D-7716-489E-A0A3-2F43441110E3}.Debug|x64.ActiveCfg = Debug|x64
		{C6F0802D-7716-489E-A0A3-2F43441110E3}.Debug|x64.Build.0 = Debug|x64
		{C6F0802D-7716-489E-A0A3-2F43441110E3}.Release|x64.ActiveCfg = Release|x64
		{C6F0802D-7716-489E-A0A3-2F43441110E3}.Release|x64.Build.0 = Release|x64
		{554F3F7D-03D3-4867-A13E-41EA244B759D}.Debug|x64.ActiveCfg = Debug|x64
		{554F3F7D-03D3-4867-A13E-41EA244B759D}.Debug|x64.Build.0 = Debug|x64
		{554F3F7D-03D3-4867-A13E-41EA244B759D}.Release|x64.ActiveCfg = Release|x64
		{554F3F7D-03D3-4867-A13E-41EA244B759D}.Release|x64.Build.0 = Release|x64
		{368CFE97-B9C9-44BA-AB4A-BB4D7EA82AC9}.Debug|x64.ActiveCfg = Debug|x64
		{368CFE97-B9C9-44BA-AB4A-BB4D7EA82AC9}.Debug|x64.Build.0 = Debug|x64
		{368CFE97-B9C9-44BA-AB4A-BB4D7EA82AC9}.Release|x64.ActiveCfg = Release|x64
		{368CFE97-B9C9-44BA-AB4A-BB4D7EA82AC9}.Release|x64.Build.0 = Release|x64
		{440824EF-A16C-4B8B-B618-6592C4EF0EB4}.Debug|x64.ActiveCfg = Debug|x64
		{440824EF-A16C-4B8B-B618-6592C4EF0EB4}.Debug|x64.Build.0 = Debug|x64
		{440824EF-A16C-4B8B-B618-6592C4EF0EB4}.Release|x64.ActiveCfg = Release|x64
		{440824EF-A16C-4B8B-B618-6592C4EF0EB4}.Release|x64.Build.0 = Release|x64
		{406E22F5-C83F-4B20-828A-5011C45C8302}.Debug|x64.ActiveCfg = Debug|x64
		{406E22F5-C83F-4B20-828A-5011C45C8302}.Debug|x64.Build.0 = Debug|x64
		{406E22F5-C83F-4B20-828A-5011C45C8302}.Release|x64.ActiveCfg = Release|x64
		{406E22F5-C83F-4B20-828A-5011C45C8302}.Release|x64.Build.0 = Release|x64
		{57CAD8D9-4120-4CE9-A9F8-44C7B3305C3E}.Debug|x64.ActiveCfg = Debug|x64
		{57CAD8D9-4120-4CE9-A9F8-44C7B3305C3E}.Debug|x64.Build.0 = Debug|x64
		{57CAD8D9-4120-4CE9-A9F8-44C7B3305C3E}.Release|x64.ActiveCfg = Release|x64
		{57CAD8D9-4120-4CE9-A9F8-44C7B3305C3E}.Release|x64.Build.0 = Release|x64
		{0990E680-4CC1-4D95-970E-EC42CE758BE3}.Debug|x64.ActiveCfg = Debug|x64
		{0990E680-4CC1-4D95-970E-EC42CE758BE3}.Debug|x64.Build.0 = Debug|x64
		{0990E680-4CC1-4D95-970E-EC42CE758BE3}.Release|x64.ActiveCfg = Release|x64
		{0990E680-4CC1-4D95-970E-EC42CE758BE3}.Release|x64.Build.0 = Release|x64
		{77CB3325-2A3C-47C3-8D2A-A9CEC0A0EF40}.Debug|x64.ActiveCfg = Debug|x64
		{77CB3325-2A3C-47C3-8D2A-A9CEC0A0EF40}.Debug|x64.Build.0 = Debug|x64
		{77CB3325-2A3C-47C3-8D2A-A9CEC0A0EF40}.Release|x64.ActiveCfg = Release|x64
		{77CB3325-2A3C-47C3-8D2A-A9CEC0A0EF40}.Release|x64.Build.0 = Release|x64
		{F826AF49-6343-4046-9533-B2B44C8CDC1B}.Debug|x64.ActiveCfg = Debug|x64
		{F826AF49-6343-4046-9533-B2B44C8CDC1B}.Debug|x64.Build.0 = Debug|x64
		{F826AF49-6343-4046-9533-B2B44C8CDC1B}.Release|x64.ActiveCfg = Release|x64
		{F826AF49-6343-4046-9533-B2B44C8CDC1B}.Release|x64.Build.0 = Release|x64
		{3B04A12F-13EC-48AE-81E9-B17189B5B606}.Debug|x64.ActiveCfg = Debug|x64
		{3B04A12F-13EC-48AE-81E9-B17189B5B606}.Debug|x64.Build.0 = Debug|x64
		{3B04A12F-13EC-48AE-81E9-B17189B5B606}.Release|x64.ActiveCfg = Release|x64
		{3B04A12F-13EC-48AE-81E9-B17189B5B606}.Release|x64.Build.0 = Release|x64
		{626103BB-3E8B-475B-9E97-A986213EDBD8}.Debug|x64.ActiveCfg = Debug|x64
		{626103BB-3E8B-475B-9E97-A986213EDBD8}.Debug|x64.Build.0 = Debug|x64
		{626103BB-3E8B-475B-9E97-A986213EDBD8}.Release|x64.ActiveCfg = Release|x64
		{626103BB-3E8B-475B-9E97-A986213EDBD8}.Release|x64.Build.0 = Release|x64
		{9F1F4D35-F830-4743-AF1F-1B602E422930}.Debug|x64.ActiveCfg = Debug|x64
		{9F1F4D35-F830-4743-AF1F-1B602E422930}.Debug|x64.Build.0 = Debug|x64
		{9F1F4D35-F830-4743-AF1F-1B602E422930}.Release|x64.ActiveCfg = Release|x64
		{9F1F4D35-F830-4743-AF1F-1B602E422930}.Release|x64.Build.0 = Release|x64
		{AFC483C7-E666-4463-ADC6-019607E6386C}.Debug|x64.ActiveCfg = Debug|x64
		{AFC483C7-E666-4463-ADC6-019607E6386C}.Debug|x64.Build.0 = Debug|x64
		{AFC483C7-E666-4463-ADC6-019607E6386C}.Release|x64.ActiveCfg = Release|x64
		{AFC483C7-E666-4463-ADC6-019607E6386C}.Release|x64.Build.0 = Release|x64
		{B65A73D6-6690-4C1F-BD42-E0AC2466C139}.Debug|x64.ActiveCfg = Debug|x64
		{B65A73D6-6690-4C1F-BD42-E0AC2466C139}.Debug|x64.Build.0 = Debug|x64
		{B65A73D6-6690-4C1F-BD42-E0AC2466C139}.Release|x64.ActiveCfg = Release|x64
		{B65A73D6-6690-4C1F-BD42-E0AC2466C139}.Release|x64.Build.0 = Release|x64
		{4F12A48E-C4B2-47FB-B31B-EE8A48EC5FDB}.Debug|x64.ActiveCfg = Debug|x64
		{4F12A48E-C4B2-47FB-B31B-EE8A48EC5FDB}.Debug|x64.Build.0 = Debug|x64
		{4F12A48E-C4B2-47FB-B31B-EE8A48EC5FDB}.Release|x64.ActiveCfg = Release|x64
		{4F12A48E-C4B2-47FB-B31B-EE8A48EC5FDB}.Release|x64.Build.0 = Release|x64
		{6133EA3B-C913-42FF-8A41-5C510BE9A6D3}.Debug|x64.ActiveCfg = Debug|x64
		{6133EA3B-C913-42FF-8A41-5C510BE9A6D3}.Debug|x64.Build.0 = Debug|x64
		{6133EA3B-C913-42FF-8A41-5C510BE9A6D3}.Release|x64.ActiveCfg = Release|x64
		{6133EA3B-C913-42FF-8A41-5C510BE9A6D3}.Release|x64.Build.0 = Release|x64
		{42F31C93-38C2-40B0-AD33-EAD1E691952C}.Debug|x64.ActiveCfg = Debug|x64
		{42F31C93-38C2-40B0-AD33-EAD1E691952C}.Debug|x64.Build.0 = Debug|x64
		{42F31C93-38C2-40B0-AD33-EAD1E691952C}.Release|x64.ActiveCfg = Release|x64
		{42F31C93-38C2-40B0-AD33-EAD1E691952C}.Release|x64.Build.0 = Release|x64
		{2856B45D-A283-4747-9FB9-7E5770D1B36F}.Debug|x64.ActiveCfg = Debug|x64
		{2856B45D-A283-4747-9FB9-7E5770D1B36F}.Debug|x64.Build.0 = Debug|x64
		{2856B45D-A283-4747-9FB9-7E5770D1B36F}.Release|x64.ActiveCfg = Release|x64
		{2856B45D-A283-4747-9FB9-7E5770D1B36F}.Release|x64.Build.0 = Release|x64
		{4C883359-9754-4D1B-B3E2-35DE01F7EC0A}.Debug|x64.ActiveCfg = Debug|x64
		{4C883359-9754-4D1B-B3E2-35DE01F7EC0A}.Debug|x64.Build.0 = Debug|x64
		{4C883359-9754-4D1B-B3E2-35DE01F7EC0A}.Release|x64.ActiveCfg = Release|x64
		{4C883359-9754-4D1B-B3E2-35DE01F7EC0A}.Release|x64.Build.0 = Release|x64
		{46C97B29-BEA1-47BF-8464-D5CF17B0B171}.Debug|x64.ActiveCfg = Debug|x64
		{46C97B29-BEA1-47BF-8464-D5CF17B0B171}.Debug|x64.Build.0 = Debug|x64
		{46C97B29-BEA1-47BF-8464-D5CF17B0B171}.Release|x64.ActiveCfg = Release|x64
		{46C97B29-BEA1-47BF-8464-D5CF17B0B171}.Release|x64.Build.0 = Release|x64
		{BA9D98F3-6417-47D4-BCBC-DDEF9D0055F1}.Debug|x64.ActiveCfg = Debug|x64
		{BA9D98F3-6417-47D4-BCBC-DDEF9D0055F1}.Debug|x64.Build.0 = Debug|x64
		{BA9D98F3-6417-47D4-BCBC-DDEF9D0055F1}.Release|x64.ActiveCfg = Release|x64
		{BA9D98F3-6417-47D4-BCBC-DDEF9D0055F1}.Release|x64.Build.0 = Release|x64
		{50ED3E69-5895-49DD-BB26-7FEB2F5B328A}.Debug|x64.ActiveCfg = Debug|x64
		{50ED3E69-5895-49DD-BB26-7FEB2F5B328A}.Debug|x64.Build.0 = Debug|x64
		{50ED3E69-5895-49DD-BB26-7FEB2F5B328A}.Release|x64.ActiveCfg = Release|x64
		{50ED3E69-5895-49DD-BB26-7FEB2F5B328A}.Release|x64.Build.0 = Release|x64
		{7B07D611-ED35-4B49-B7E6-67D75AB11C30}.Debug|x64.ActiveCfg = Debug|x64
		{7B07D611-ED35-4B49-B7E6-67D75AB11C30}.Debug|x64.Build.0 = Debug|x64
		{7B07D611-ED35-4B49-B7E6-67D75AB11C30}.Release|x64.ActiveCfg = Release|x64
		{7B07D611-ED35-4B49-B7E6-67D75AB11C30}.Release|x64.Build.0 = Release|x64
		{DE6A2EC5-45E9-4CF0-9F64-55655844B556}.Debug|x64.ActiveCfg = Debug|x64
		{DE6A2EC5-45E9-4CF0-9F64-55655844B556}.Debug|x64.Build.0 = Debug|x64
		{DE6A2EC5-45E9-4CF0-9F64-55655844B556}.Release|x64.ActiveCfg = Release|x64
		{DE6A2EC5-45E9-4CF0-9F64-55655844B556}.Release|x64.Build.0 = Release|x64
		{C4FBABA8-E557-4D1B-8C56-D2613AA0437E}.Debug|x64.ActiveCfg = Debug|x64
		{C4FBABA8-E557-4D1B-8C56-D2613AA0437E}.Debug|x64.Build.0 = Debug|x64
		{C4FBABA8-E557-4D1B-8C56-D2613AA0437E}.Release|x64.ActiveCfg = Release|x64
		{C4FBABA8-E557-4D1B-8C56-D2613AA0437E}.Release|x64.Build.0 = Release|x64
		{784F7C0F-26A7-44E7-94C6-FDA9E98589A4}.Debug|x64.ActiveCfg = Debug|x64
		{784F7C0F-26A7-44E7-94C6-FDA9E98589A4}.Debug|x64.Build.0 = Debug|x64
		{784F7C0F-26A7-44E7-94C6-FDA9E98589A4}.Release|x64.ActiveCfg = Release|x64
		{784F7C0F-26A7-44E7-94C6-FDA9E98589A4}.Release|x64.Build.0 = Release|x64
		{ACB6212C-BAB6-4CA1-8D90-DAAE2430A346}.Debug|x64.ActiveCfg = Debug|x64
		{ACB6212C-BAB6-4CA1-8D90-DAAE2430A346}.Debug|x64.Build.0 = Debug|x64
		{ACB6212C-BAB6-4CA1-8D90-DAAE2430A346}.Release|x64.ActiveCfg = Release|x64
		{ACB6212C-BAB6-4CA1-8D90-DAAE2430A346}.Release|x64.Build.0 = Release|x64
		{AFD06706-939D-47DD-861A-4AD53845A875}.Debug|x64.ActiveCfg = Debug|x64
		{AFD06706-939D-47DD-861A-4AD53845A875}.Debug|x64.Build.0 = Debug|x64
		{AFD06706-939D-47DD-861A-4AD53845A875}.Release|x64.ActiveCfg = Release|x64
		{AFD06706-939D-47DD-861A-4AD53845A875}.Release|x64.Build.0 = Release|x64
		{EC5C45F2-58BA-4234-8A1F-294F382820BF}.Debug|x64.ActiveCfg = Debug|x64
		{EC5C45F2-58BA-4234-8A1F-294F382820BF}.Debug|x64.Build.0 = Debug|x64
		{EC5C45F2-58BA-4234-8A1F-294F382820BF}.Release|x64.ActiveCfg = Release|x64
		{EC5C45F2-58BA-4234-8A1F-294F382820BF}.Release|x64.Build.0 = Release|x64
		{86E556D2-5839-427E-8066-675F2036D2DE}.Debug|x64.ActiveCfg = Debug|x64
		{86E556D2-5839-427E-8066-675F2036D2DE}.Debug|x64.Build.0 = Debug|x64
		{86E556D2-5839-427E-8066-675F2036D2DE}.Release|x64.ActiveCfg = Release|x64
		{86E556D2-5839-427E-8066-675F2036D2DE}.Release|x64.Build.0 = Release|x64
		{E1EB6648-2042-4B66-B81D-95B3878A6862}.Debug|x64.ActiveCfg = Debug|x64
		{E1EB6648-2042-4B66-B81D-95B3878A6862}.Debug|x64.Build.0 = Debug|x64
		{E1EB6648-2042-4B66-B81D-95B3878A6862}.Release|x64.ActiveCfg = Release|x64
		{E1EB6648-2042-4B66-B81D-95B3878A6862}.Release|x64.Build.0 = Release|x64
		{304D9685-917B-421F-B832-877C0D74550D}.Debug|x64.ActiveCfg = Debug|x64
		{304D9685-917B-421F-B832-877C0D74550D}.Debug|x64.Build.0 = Debug|x64
		{304D9685-917B-421F-B832-877C0D74550D}.Release|x64.ActiveCfg = Release|x64
		{304D9685-917B-421F-B832-877C0D74550D}.Release|x64.Build.0 = Release|x64
		{036FBB89-6757-4420-8C8B-962FE3B46FF0}.Debug|x64.ActiveCfg = Debug|x64
		{036FBB89-6757-4420-8C8B-962FE3B46FF0}.Debug|x64.Build.0 = Debug|x64
		{036FBB89-6757-4420-8C8B-962FE3B46FF0}.Release|x64.ActiveCfg = Release|x64
		{036FBB89-6757-4420-8C8B-962FE3B46FF0}.Release|x64.Build.0 = Release|x64
		{8C12F513-DA02-465D-A01F-20B0127D8AED}.Debug|x64.ActiveCfg = Debug|x64
		{8C12F513-DA02-465D-A01F-20B0127D8AED}.Debug|x64.Build.0 = Debug|x64
		{8C12F513-DA02-465D-A01F-20B0127D8AED}.Release|x64.ActiveCfg = Release|x64
		{8C12F513-DA02-465D-A01F-20B0127D8AED}.Release|x64.Build.0 = Release|x64
		{FF3F7998-C6E2-4600-AA45-DA2A52E30DA4}.Debug|x64.ActiveCfg = Debug|x64
		{FF3F7998-C6E2-4600-AA45-DA2A52E30DA4}.Debug|x64.Build.0 = Debug|x64
		{FF3F7998-C6E2-4600-AA45-DA2A52E30DA4}.Release|x64.ActiveCfg = Release|x64
		{FF3F7998-C6E2-4600-AA45-DA2A52E30DA4}.Release|x64.Build.0 = Release|x64
		{21D027FA-05D0-4169-B138-12682C0A0FFE}.Debug|x64.ActiveCfg = Debug|x64
		{21D027FA-05D0-4169-B138-12682C0A0FFE}.Debug|x64.Build.0 = Debug|x64
		{21D027FA-05D0-4169-B138-12682C0A0FFE}.Release|x64.ActiveCfg = Release|x64
		{21D027FA-05D0-4169-B138-12682C0A0FFE}.Release|x64.Build.0 = Release|x64
		{188C4E39-2BC6-444C-BB31-B9FCC53425AB}.Debug|x64.ActiveCfg = Debug|x64
		{188C4E39-2BC6-444C-BB31-B9FCC53425AB}.Debug|x64.Build.0 = Debug|x64
		{188C4E39-2BC6-444C-BB31-B9FCC53425AB}.Release|x64.ActiveCfg = Release|x64
		{188C4E39-2BC6-444C-BB31-B9FCC53425AB}.Release|x64.Build.0 = Release|x64
		{B8EC3AF6-8011-4645-89C4-C78442305E05}.Debug|x64.ActiveCfg = Debug|x64
		{B8EC3AF6-8011-4645-89C4-C78442305E05}.Debug|x64.Build.0 = Debug|x64
		{B8EC3AF6-8011-4645-89C4-C78442305E05}.Release|x64.ActiveCfg = Release|x64
		{B8EC3AF6-8011-4645-89C4-C78442305E05}.Release|x64.Build.0 = Release|x64
		{715DB818-EA3B-4F3A-8EC9-50A9B309DE0F}.Debug|x64.ActiveCfg = Debug|x64
		{715DB818-EA3B-4F3A-8EC9-50A9B309DE0F}.Debug|x64.Build.0 = Debug|x64
		{715DB818-EA3B-4F3A-8EC9-50A9B309DE0F}.Release|x64.ActiveCfg = Release|x64
		{715DB818-EA3B-4F3A-8EC9-50A9B309DE0F}.Release|x64.Build.0 = Release|x64
		{B41FC7F0-D0F5-4501-9493-D940E167E4D2}.Debug|x64.ActiveCfg = Debug|x64
		{B41FC7F0-D0F5-4501-9493-D940E167E4D2}.Debug|x64.Build.0 = Debug|x64
		{B41FC7F0-D0F5-4501-9493-D940E167E4D2}.Release|x64.ActiveCfg = Release|x64
		{B41FC7F0-D0F5-4501-9493-D940E167E4D2}.Release|x64.Build.0 = Release|x64
		{6EB93ADC-1898-4BE7-9AEC-A04FB59C80F1}.Debug|x64.ActiveCfg = Debug|x64
		{6EB93ADC-1898-4BE7-9AEC-A04FB59C80F1}.Debug|x64.Build.0 = Debug|x64
		{6EB93ADC-1898-4BE7-9AEC-A04FB59C80F1}.Release|x64.ActiveCfg = Release|x64
		{6EB93ADC-1898-4BE7-9AEC-A04FB59C80F1}.Release|x64.Build.0 = Release|x64
		{227E4E4D-968A-457A-9503-CE7D692EB2D5}.Debug|x64.ActiveCfg = Debug|x64
		{227E4E4D-968A-457A-9503-CE7D692EB2D5}.Debug|x64.Build.0 = Debug|x64
		{227E4E4D-968A-457A-9503-CE7D692EB2D5}.Release|x64.ActiveCfg = Release|x64
		{227E4E4D-968A-457A-9503-CE7D692EB2D5}.Release|x64.Build.0 = Release|x64
	EndGlobalSection
	GlobalSection(SolutionProperties) = preSolution
		HideSolutionNode = FALSE
	EndGlobalSection
	GlobalSection(ExtensibilityGlobals) = postSolution
		SolutionGuid = {DE7930E7-A532-4E10-8D7D-28128782858C}
	EndGlobalSection
EndGlobal
