
Microsoft Visual Studio Solution File, Format Version 12.00
# Visual Studio Version 17
VisualStudioVersion = 17.3.32825.248
MinimumVisualStudioVersion = 10.0.40219.1
Project("{8BC9CEB8-8B4A-11D0-8D11-00A0C91BC942}") = "NOWA_Engine", "NOWA_Engine.vcxproj", "{8A0D4D0F-8B4D-4E97-A68D-24B5E391C966}"
	ProjectSection(ProjectDependencies) = postProject
		{B5A11801-0E55-428A-88CC-5B2005377A09} = {B5A11801-0E55-428A-88CC-5B2005377A09}
		{80D2720A-C582-4E89-AE93-2FB5B307C1CE} = {80D2720A-C582-4E89-AE93-2FB5B307C1CE}
		{CB73C01A-CF04-4B34-A508-3004D4E0C26D} = {CB73C01A-CF04-4B34-A508-3004D4E0C26D}
		{BC75CD23-CB75-4233-A305-B7328825A9A5} = {BC75CD23-CB75-4233-A305-B7328825A9A5}
		{1C741C2F-3278-43D8-9FD2-E631A64B70AE} = {1C741C2F-3278-43D8-9FD2-E631A64B70AE}
		{B6BCFC49-994D-49F7-994B-2D9E70176E92} = {B6BCFC49-994D-49F7-994B-2D9E70176E92}
		{E28A757E-F87F-45CE-8E20-7DA6446C7E08} = {E28A757E-F87F-45CE-8E20-7DA6446C7E08}
		{F073FF7F-533E-4DE8-B8A0-32A6A9294D55} = {F073FF7F-533E-4DE8-B8A0-32A6A9294D55}
		{983BB988-AD78-40B5-B17D-10C006FA5B03} = {983BB988-AD78-40B5-B17D-10C006FA5B03}
		{1378E18D-1A51-4733-BBC1-5FF7C85DF6C3} = {1378E18D-1A51-4733-BBC1-5FF7C85DF6C3}
		{CE9FF1CB-798C-4300-BAB4-3071B020A980} = {CE9FF1CB-798C-4300-BAB4-3071B020A980}
		{1EA986CC-9732-4257-9BB0-42E8B450D5BA} = {1EA986CC-9732-4257-9BB0-42E8B450D5BA}
		{ADEF44F0-0618-4E3F-8594-5749E72F212F} = {ADEF44F0-0618-4E3F-8594-5749E72F212F}
	EndProjectSection
EndProject
Project("{2150E333-8FDC-42A3-9474-1A3956D46DE8}") = "External", "External", "{A6F4B784-8E1F-4048-BBB8-BE3C26215874}"
EndProject
Project("{8BC9CEB8-8B4A-11D0-8D11-00A0C91BC942}") = "CSG", "..\external\CSG\CSG.vcxproj", "{ADEF44F0-0618-4E3F-8594-5749E72F212F}"
EndProject
Project("{2150E333-8FDC-42A3-9474-1A3956D46DE8}") = "DLL", "DLL", "{6B5109F9-C46B-4C82-B4E0-C6F35D51287F}"
EndProject
Project("{2150E333-8FDC-42A3-9474-1A3956D46DE8}") = "Static", "Static", "{EEB29609-6D94-443D-AD65-580C12366DA7}"
EndProject
Project("{8BC9CEB8-8B4A-11D0-8D11-00A0C91BC942}") = "MeshSplitter", "..\external\MeshSplitter\MeshSplitter.vcxproj", "{80D2720A-C582-4E89-AE93-2FB5B307C1CE}"
EndProject
Project("{8BC9CEB8-8B4A-11D0-8D11-00A0C91BC942}") = "MyGuiEngine", "..\external\MyGUIEngine\MyGuiEngine.vcxproj", "{CB73C01A-CF04-4B34-A508-3004D4E0C26D}"
EndProject
Project("{8BC9CEB8-8B4A-11D0-8D11-00A0C91BC942}") = "OgreALVC9", "..\external\OgreAL\OgreAL\OgreALVC9.vcxproj", "{B6BCFC49-994D-49F7-994B-2D9E70176E92}"
EndProject
Project("{8BC9CEB8-8B4A-11D0-8D11-00A0C91BC942}") = "OgreRecast", "..\external\OgreRecast\OgreRecast.vcxproj", "{983BB988-AD78-40B5-B17D-10C006FA5B03}"
	ProjectSection(ProjectDependencies) = postProject
		{1378E18D-1A51-4733-BBC1-5FF7C85DF6C3} = {1378E18D-1A51-4733-BBC1-5FF7C85DF6C3}
	EndProjectSection
EndProject
Project("{8BC9CEB8-8B4A-11D0-8D11-00A0C91BC942}") = "Lua", "..\external\lua-5_2\Lua.vcxproj", "{E28A757E-F87F-45CE-8E20-7DA6446C7E08}"
EndProject
Project("{8BC9CEB8-8B4A-11D0-8D11-00A0C91BC942}") = "LuaBind", "..\external\lua-5_2\LuaBind\LuaBind.vcxproj", "{B5A11801-0E55-428A-88CC-5B2005377A09}"
	ProjectSection(ProjectDependencies) = postProject
		{E28A757E-F87F-45CE-8E20-7DA6446C7E08} = {E28A757E-F87F-45CE-8E20-7DA6446C7E08}
	EndProjectSection
EndProject
Project("{2150E333-8FDC-42A3-9474-1A3956D46DE8}") = "OGRE", "OGRE", "{0D80EE68-0E4B-4810-8BEE-28803ABE001E}"
EndProject
Project("{8BC9CEB8-8B4A-11D0-8D11-00A0C91BC942}") = "NOWA_Design", "..\NOWA_Design\NOWA_Design.vcxproj", "{A6FDFDB2-DA70-46D9-A79D-200C9A0843A3}"
	ProjectSection(ProjectDependencies) = postProject
		{8A0D4D0F-8B4D-4E97-A68D-24B5E391C966} = {8A0D4D0F-8B4D-4E97-A68D-24B5E391C966}
	EndProjectSection
EndProject
Project("{8BC9CEB8-8B4A-11D0-8D11-00A0C91BC942}") = "OgreProcedural", "..\external\OgreProcedural\OgreProcedural.vcxproj", "{CE9FF1CB-798C-4300-BAB4-3071B020A980}"
EndProject
Project("{2150E333-8FDC-42A3-9474-1A3956D46DE8}") = "Plugins", "Plugins", "{6D4750B5-3D52-4A16-AC11-926DBEBB0C48}"
EndProject
Project("{2150E333-8FDC-42A3-9474-1A3956D46DE8}") = "Exec", "Exec", "{375293F7-614A-40B1-9D8D-CB06F895851A}"
EndProject
Project("{8BC9CEB8-8B4A-11D0-8D11-00A0C91BC942}") = "MeshSplitterExec", "..\external\MeshSplitter\MeshSplitterExec.vcxproj", "{F073FF7F-533E-4DE8-B8A0-32A6A9294D55}"
	ProjectSection(ProjectDependencies) = postProject
		{80D2720A-C582-4E89-AE93-2FB5B307C1CE} = {80D2720A-C582-4E89-AE93-2FB5B307C1CE}
	EndProjectSection
EndProject
Project("{8BC9CEB8-8B4A-11D0-8D11-00A0C91BC942}") = "Ogre2Platform", "..\external\MyGUIEngine\Ogre2Platform\Ogre2Platform.vcxproj", "{1EA986CC-9732-4257-9BB0-42E8B450D5BA}"
	ProjectSection(ProjectDependencies) = postProject
		{CB73C01A-CF04-4B34-A508-3004D4E0C26D} = {CB73C01A-CF04-4B34-A508-3004D4E0C26D}
	EndProjectSection
EndProject
Project("{8BC9CEB8-8B4A-11D0-8D11-00A0C91BC942}") = "terra", "..\external\terra\terra.vcxproj", "{1378E18D-1A51-4733-BBC1-5FF7C85DF6C3}"
EndProject
Project("{8BC9CEB8-8B4A-11D0-8D11-00A0C91BC942}") = "ParticleUniverse", "..\external\ParticleUniverse\Plugins\ParticleUniverse\scripts\ParticleUniverse_vc9.vcxproj", "{1C741C2F-3278-43D8-9FD2-E631A64B70AE}"
EndProject
Project("{8BC9CEB8-8B4A-11D0-8D11-00A0C91BC942}") = "RakNet_vc9", "..\external\RakNet_4_0_81\Lib\DLL\RakNet_vc9.vcxproj", "{BC75CD23-CB75-4233-A305-B7328825A9A5}"
EndProject
Project("{8BC9CEB8-8B4A-11D0-8D11-00A0C91BC942}") = "GpuParticles", "..\external\GpuParticles\GpuParticles.vcxproj", "{C28C7710-76B1-4FFD-A85A-9AEFDA25EE65}"
EndProject
Project("{8BC9CEB8-8B4A-11D0-8D11-00A0C91BC942}") = "MeshMagickCaller", "..\external\MeshMagickCaller\MeshMagickCaller.vcxproj", "{D5F70D9D-F53C-4149-8437-DC51B9E7DA46}"
EndProject
Project("{8BC9CEB8-8B4A-11D0-8D11-00A0C91BC942}") = "OgreNewt4_0", "..\external\OgreNewt4_0\OgreNewt4_0.vcxproj", "{74B28A8A-8DBD-4C8D-9CB7-D40319B953DE}"
EndProject
Project("{8BC9CEB8-8B4A-11D0-8D11-00A0C91BC942}") = "FParser", "..\external\fparser4.5.1\fparser.vcxproj", "{C3349C81-674F-3303-8289-7EEFAD6963E3}"
EndProject
Global
	GlobalSection(SolutionConfigurationPlatforms) = preSolution
		Debug|Any CPU = Debug|Any CPU
		Debug|x64 = Debug|x64
		Debug|x86 = Debug|x86
		Release|Any CPU = Release|Any CPU
		Release|x64 = Release|x64
		Release|x86 = Release|x86
	EndGlobalSection
	GlobalSection(ProjectConfigurationPlatforms) = postSolution
		{8A0D4D0F-8B4D-4E97-A68D-24B5E391C966}.Debug|Any CPU.ActiveCfg = Debug|Win32
		{8A0D4D0F-8B4D-4E97-A68D-24B5E391C966}.Debug|x64.ActiveCfg = Debug|x64
		{8A0D4D0F-8B4D-4E97-A68D-24B5E391C966}.Debug|x64.Build.0 = Debug|x64
		{8A0D4D0F-8B4D-4E97-A68D-24B5E391C966}.Debug|x86.ActiveCfg = Debug|Win32
		{8A0D4D0F-8B4D-4E97-A68D-24B5E391C966}.Debug|x86.Build.0 = Debug|Win32
		{8A0D4D0F-8B4D-4E97-A68D-24B5E391C966}.Release|Any CPU.ActiveCfg = Release|Win32
		{8A0D4D0F-8B4D-4E97-A68D-24B5E391C966}.Release|x64.ActiveCfg = Release|x64
		{8A0D4D0F-8B4D-4E97-A68D-24B5E391C966}.Release|x64.Build.0 = Release|x64
		{8A0D4D0F-8B4D-4E97-A68D-24B5E391C966}.Release|x86.ActiveCfg = Release|Win32
		{8A0D4D0F-8B4D-4E97-A68D-24B5E391C966}.Release|x86.Build.0 = Release|Win32
		{ADEF44F0-0618-4E3F-8594-5749E72F212F}.Debug|Any CPU.ActiveCfg = Debug|Win32
		{ADEF44F0-0618-4E3F-8594-5749E72F212F}.Debug|x64.ActiveCfg = Debug|x64
		{ADEF44F0-0618-4E3F-8594-5749E72F212F}.Debug|x64.Build.0 = Debug|x64
		{ADEF44F0-0618-4E3F-8594-5749E72F212F}.Debug|x86.ActiveCfg = Debug|Win32
		{ADEF44F0-0618-4E3F-8594-5749E72F212F}.Debug|x86.Build.0 = Debug|Win32
		{ADEF44F0-0618-4E3F-8594-5749E72F212F}.Release|Any CPU.ActiveCfg = Release|Win32
		{ADEF44F0-0618-4E3F-8594-5749E72F212F}.Release|x64.ActiveCfg = Release|x64
		{ADEF44F0-0618-4E3F-8594-5749E72F212F}.Release|x64.Build.0 = Release|x64
		{ADEF44F0-0618-4E3F-8594-5749E72F212F}.Release|x86.ActiveCfg = Release|Win32
		{ADEF44F0-0618-4E3F-8594-5749E72F212F}.Release|x86.Build.0 = Release|Win32
		{80D2720A-C582-4E89-AE93-2FB5B307C1CE}.Debug|Any CPU.ActiveCfg = Debug|Win32
		{80D2720A-C582-4E89-AE93-2FB5B307C1CE}.Debug|x64.ActiveCfg = Debug|x64
		{80D2720A-C582-4E89-AE93-2FB5B307C1CE}.Debug|x64.Build.0 = Debug|x64
		{80D2720A-C582-4E89-AE93-2FB5B307C1CE}.Debug|x86.ActiveCfg = Debug|Win32
		{80D2720A-C582-4E89-AE93-2FB5B307C1CE}.Debug|x86.Build.0 = Debug|Win32
		{80D2720A-C582-4E89-AE93-2FB5B307C1CE}.Release|Any CPU.ActiveCfg = Release|Win32
		{80D2720A-C582-4E89-AE93-2FB5B307C1CE}.Release|x64.ActiveCfg = Release|x64
		{80D2720A-C582-4E89-AE93-2FB5B307C1CE}.Release|x64.Build.0 = Release|x64
		{80D2720A-C582-4E89-AE93-2FB5B307C1CE}.Release|x86.ActiveCfg = Release|Win32
		{80D2720A-C582-4E89-AE93-2FB5B307C1CE}.Release|x86.Build.0 = Release|Win32
		{CB73C01A-CF04-4B34-A508-3004D4E0C26D}.Debug|Any CPU.ActiveCfg = Debug|Win32
		{CB73C01A-CF04-4B34-A508-3004D4E0C26D}.Debug|x64.ActiveCfg = Debug|x64
		{CB73C01A-CF04-4B34-A508-3004D4E0C26D}.Debug|x64.Build.0 = Debug|x64
		{CB73C01A-CF04-4B34-A508-3004D4E0C26D}.Debug|x86.ActiveCfg = Debug|Win32
		{CB73C01A-CF04-4B34-A508-3004D4E0C26D}.Debug|x86.Build.0 = Debug|Win32
		{CB73C01A-CF04-4B34-A508-3004D4E0C26D}.Release|Any CPU.ActiveCfg = Release|Win32
		{CB73C01A-CF04-4B34-A508-3004D4E0C26D}.Release|x64.ActiveCfg = Release|x64
		{CB73C01A-CF04-4B34-A508-3004D4E0C26D}.Release|x64.Build.0 = Release|x64
		{CB73C01A-CF04-4B34-A508-3004D4E0C26D}.Release|x86.ActiveCfg = Release|Win32
		{CB73C01A-CF04-4B34-A508-3004D4E0C26D}.Release|x86.Build.0 = Release|Win32
		{B6BCFC49-994D-49F7-994B-2D9E70176E92}.Debug|Any CPU.ActiveCfg = Debug|Win32
		{B6BCFC49-994D-49F7-994B-2D9E70176E92}.Debug|x64.ActiveCfg = Debug|x64
		{B6BCFC49-994D-49F7-994B-2D9E70176E92}.Debug|x64.Build.0 = Debug|x64
		{B6BCFC49-994D-49F7-994B-2D9E70176E92}.Debug|x86.ActiveCfg = Debug|Win32
		{B6BCFC49-994D-49F7-994B-2D9E70176E92}.Debug|x86.Build.0 = Debug|Win32
		{B6BCFC49-994D-49F7-994B-2D9E70176E92}.Release|Any CPU.ActiveCfg = Release|Win32
		{B6BCFC49-994D-49F7-994B-2D9E70176E92}.Release|x64.ActiveCfg = Release|x64
		{B6BCFC49-994D-49F7-994B-2D9E70176E92}.Release|x64.Build.0 = Release|x64
		{B6BCFC49-994D-49F7-994B-2D9E70176E92}.Release|x86.ActiveCfg = Release|Win32
		{B6BCFC49-994D-49F7-994B-2D9E70176E92}.Release|x86.Build.0 = Release|Win32
		{983BB988-AD78-40B5-B17D-10C006FA5B03}.Debug|Any CPU.ActiveCfg = Debug|Win32
		{983BB988-AD78-40B5-B17D-10C006FA5B03}.Debug|x64.ActiveCfg = Debug|x64
		{983BB988-AD78-40B5-B17D-10C006FA5B03}.Debug|x64.Build.0 = Debug|x64
		{983BB988-AD78-40B5-B17D-10C006FA5B03}.Debug|x86.ActiveCfg = Debug|Win32
		{983BB988-AD78-40B5-B17D-10C006FA5B03}.Debug|x86.Build.0 = Debug|Win32
		{983BB988-AD78-40B5-B17D-10C006FA5B03}.Release|Any CPU.ActiveCfg = Release|Win32
		{983BB988-AD78-40B5-B17D-10C006FA5B03}.Release|x64.ActiveCfg = Release|x64
		{983BB988-AD78-40B5-B17D-10C006FA5B03}.Release|x64.Build.0 = Release|x64
		{983BB988-AD78-40B5-B17D-10C006FA5B03}.Release|x86.ActiveCfg = Release|Win32
		{983BB988-AD78-40B5-B17D-10C006FA5B03}.Release|x86.Build.0 = Release|Win32
		{E28A757E-F87F-45CE-8E20-7DA6446C7E08}.Debug|Any CPU.ActiveCfg = Debug|Win32
		{E28A757E-F87F-45CE-8E20-7DA6446C7E08}.Debug|x64.ActiveCfg = Debug|x64
		{E28A757E-F87F-45CE-8E20-7DA6446C7E08}.Debug|x64.Build.0 = Debug|x64
		{E28A757E-F87F-45CE-8E20-7DA6446C7E08}.Debug|x86.ActiveCfg = Debug|Win32
		{E28A757E-F87F-45CE-8E20-7DA6446C7E08}.Debug|x86.Build.0 = Debug|Win32
		{E28A757E-F87F-45CE-8E20-7DA6446C7E08}.Release|Any CPU.ActiveCfg = Release|Win32
		{E28A757E-F87F-45CE-8E20-7DA6446C7E08}.Release|x64.ActiveCfg = Release|x64
		{E28A757E-F87F-45CE-8E20-7DA6446C7E08}.Release|x64.Build.0 = Release|x64
		{E28A757E-F87F-45CE-8E20-7DA6446C7E08}.Release|x86.ActiveCfg = Release|Win32
		{E28A757E-F87F-45CE-8E20-7DA6446C7E08}.Release|x86.Build.0 = Release|Win32
		{B5A11801-0E55-428A-88CC-5B2005377A09}.Debug|Any CPU.ActiveCfg = Debug|Win32
		{B5A11801-0E55-428A-88CC-5B2005377A09}.Debug|x64.ActiveCfg = Debug|x64
		{B5A11801-0E55-428A-88CC-5B2005377A09}.Debug|x64.Build.0 = Debug|x64
		{B5A11801-0E55-428A-88CC-5B2005377A09}.Debug|x86.ActiveCfg = Debug|Win32
		{B5A11801-0E55-428A-88CC-5B2005377A09}.Debug|x86.Build.0 = Debug|Win32
		{B5A11801-0E55-428A-88CC-5B2005377A09}.Release|Any CPU.ActiveCfg = Release|Win32
		{B5A11801-0E55-428A-88CC-5B2005377A09}.Release|x64.ActiveCfg = Release|x64
		{B5A11801-0E55-428A-88CC-5B2005377A09}.Release|x64.Build.0 = Release|x64
		{B5A11801-0E55-428A-88CC-5B2005377A09}.Release|x86.ActiveCfg = Release|Win32
		{B5A11801-0E55-428A-88CC-5B2005377A09}.Release|x86.Build.0 = Release|Win32
		{A6FDFDB2-DA70-46D9-A79D-200C9A0843A3}.Debug|Any CPU.ActiveCfg = Debug|x64
		{A6FDFDB2-DA70-46D9-A79D-200C9A0843A3}.Debug|x64.ActiveCfg = Debug|x64
		{A6FDFDB2-DA70-46D9-A79D-200C9A0843A3}.Debug|x64.Build.0 = Debug|x64
		{A6FDFDB2-DA70-46D9-A79D-200C9A0843A3}.Debug|x86.ActiveCfg = Debug|x64
		{A6FDFDB2-DA70-46D9-A79D-200C9A0843A3}.Debug|x86.Build.0 = Debug|x64
		{A6FDFDB2-DA70-46D9-A79D-200C9A0843A3}.Release|Any CPU.ActiveCfg = Release|x64
		{A6FDFDB2-DA70-46D9-A79D-200C9A0843A3}.Release|x64.ActiveCfg = Release|x64
		{A6FDFDB2-DA70-46D9-A79D-200C9A0843A3}.Release|x64.Build.0 = Release|x64
		{A6FDFDB2-DA70-46D9-A79D-200C9A0843A3}.Release|x86.ActiveCfg = Release|x64
		{A6FDFDB2-DA70-46D9-A79D-200C9A0843A3}.Release|x86.Build.0 = Release|x64
		{CE9FF1CB-798C-4300-BAB4-3071B020A980}.Debug|Any CPU.ActiveCfg = Debug|Win32
		{CE9FF1CB-798C-4300-BAB4-3071B020A980}.Debug|x64.ActiveCfg = Debug|x64
		{CE9FF1CB-798C-4300-BAB4-3071B020A980}.Debug|x64.Build.0 = Debug|x64
		{CE9FF1CB-798C-4300-BAB4-3071B020A980}.Debug|x86.ActiveCfg = Debug|Win32
		{CE9FF1CB-798C-4300-BAB4-3071B020A980}.Debug|x86.Build.0 = Debug|Win32
		{CE9FF1CB-798C-4300-BAB4-3071B020A980}.Release|Any CPU.ActiveCfg = Release|Win32
		{CE9FF1CB-798C-4300-BAB4-3071B020A980}.Release|x64.ActiveCfg = Release|x64
		{CE9FF1CB-798C-4300-BAB4-3071B020A980}.Release|x64.Build.0 = Release|x64
		{CE9FF1CB-798C-4300-BAB4-3071B020A980}.Release|x86.ActiveCfg = Release|Win32
		{CE9FF1CB-798C-4300-BAB4-3071B020A980}.Release|x86.Build.0 = Release|Win32
		{F073FF7F-533E-4DE8-B8A0-32A6A9294D55}.Debug|Any CPU.ActiveCfg = Debug|Win32
		{F073FF7F-533E-4DE8-B8A0-32A6A9294D55}.Debug|x64.ActiveCfg = Debug|x64
		{F073FF7F-533E-4DE8-B8A0-32A6A9294D55}.Debug|x64.Build.0 = Debug|x64
		{F073FF7F-533E-4DE8-B8A0-32A6A9294D55}.Debug|x86.ActiveCfg = Debug|Win32
		{F073FF7F-533E-4DE8-B8A0-32A6A9294D55}.Debug|x86.Build.0 = Debug|Win32
		{F073FF7F-533E-4DE8-B8A0-32A6A9294D55}.Release|Any CPU.ActiveCfg = Release|Win32
		{F073FF7F-533E-4DE8-B8A0-32A6A9294D55}.Release|x64.ActiveCfg = Release|x64
		{F073FF7F-533E-4DE8-B8A0-32A6A9294D55}.Release|x64.Build.0 = Release|x64
		{F073FF7F-533E-4DE8-B8A0-32A6A9294D55}.Release|x86.ActiveCfg = Release|Win32
		{F073FF7F-533E-4DE8-B8A0-32A6A9294D55}.Release|x86.Build.0 = Release|Win32
		{1EA986CC-9732-4257-9BB0-42E8B450D5BA}.Debug|Any CPU.ActiveCfg = Debug|Win32
		{1EA986CC-9732-4257-9BB0-42E8B450D5BA}.Debug|x64.ActiveCfg = Debug|x64
		{1EA986CC-9732-4257-9BB0-42E8B450D5BA}.Debug|x64.Build.0 = Debug|x64
		{1EA986CC-9732-4257-9BB0-42E8B450D5BA}.Debug|x86.ActiveCfg = Debug|Win32
		{1EA986CC-9732-4257-9BB0-42E8B450D5BA}.Debug|x86.Build.0 = Debug|Win32
		{1EA986CC-9732-4257-9BB0-42E8B450D5BA}.Release|Any CPU.ActiveCfg = Release|Win32
		{1EA986CC-9732-4257-9BB0-42E8B450D5BA}.Release|x64.ActiveCfg = Release|x64
		{1EA986CC-9732-4257-9BB0-42E8B450D5BA}.Release|x64.Build.0 = Release|x64
		{1EA986CC-9732-4257-9BB0-42E8B450D5BA}.Release|x86.ActiveCfg = Release|Win32
		{1EA986CC-9732-4257-9BB0-42E8B450D5BA}.Release|x86.Build.0 = Release|Win32
		{1378E18D-1A51-4733-BBC1-5FF7C85DF6C3}.Debug|Any CPU.ActiveCfg = Debug|Win32
		{1378E18D-1A51-4733-BBC1-5FF7C85DF6C3}.Debug|x64.ActiveCfg = Debug|x64
		{1378E18D-1A51-4733-BBC1-5FF7C85DF6C3}.Debug|x64.Build.0 = Debug|x64
		{1378E18D-1A51-4733-BBC1-5FF7C85DF6C3}.Debug|x86.ActiveCfg = Debug|Win32
		{1378E18D-1A51-4733-BBC1-5FF7C85DF6C3}.Debug|x86.Build.0 = Debug|Win32
		{1378E18D-1A51-4733-BBC1-5FF7C85DF6C3}.Release|Any CPU.ActiveCfg = Release|Win32
		{1378E18D-1A51-4733-BBC1-5FF7C85DF6C3}.Release|x64.ActiveCfg = Release|x64
		{1378E18D-1A51-4733-BBC1-5FF7C85DF6C3}.Release|x64.Build.0 = Release|x64
		{1378E18D-1A51-4733-BBC1-5FF7C85DF6C3}.Release|x86.ActiveCfg = Release|Win32
		{1378E18D-1A51-4733-BBC1-5FF7C85DF6C3}.Release|x86.Build.0 = Release|Win32
		{1C741C2F-3278-43D8-9FD2-E631A64B70AE}.Debug|Any CPU.ActiveCfg = Debug|x64
		{1C741C2F-3278-43D8-9FD2-E631A64B70AE}.Debug|Any CPU.Build.0 = Debug|x64
		{1C741C2F-3278-43D8-9FD2-E631A64B70AE}.Debug|x64.ActiveCfg = Debug|x64
		{1C741C2F-3278-43D8-9FD2-E631A64B70AE}.Debug|x64.Build.0 = Debug|x64
		{1C741C2F-3278-43D8-9FD2-E631A64B70AE}.Debug|x86.ActiveCfg = Debug|Win32
		{1C741C2F-3278-43D8-9FD2-E631A64B70AE}.Debug|x86.Build.0 = Debug|Win32
		{1C741C2F-3278-43D8-9FD2-E631A64B70AE}.Release|Any CPU.ActiveCfg = Release|x64
		{1C741C2F-3278-43D8-9FD2-E631A64B70AE}.Release|Any CPU.Build.0 = Release|x64
		{1C741C2F-3278-43D8-9FD2-E631A64B70AE}.Release|x64.ActiveCfg = Release|x64
		{1C741C2F-3278-43D8-9FD2-E631A64B70AE}.Release|x64.Build.0 = Release|x64
		{1C741C2F-3278-43D8-9FD2-E631A64B70AE}.Release|x86.ActiveCfg = Release|Win32
		{1C741C2F-3278-43D8-9FD2-E631A64B70AE}.Release|x86.Build.0 = Release|Win32
		{BC75CD23-CB75-4233-A305-B7328825A9A5}.Debug|Any CPU.ActiveCfg = Debug|x64
		{BC75CD23-CB75-4233-A305-B7328825A9A5}.Debug|Any CPU.Build.0 = Debug|x64
		{BC75CD23-CB75-4233-A305-B7328825A9A5}.Debug|x64.ActiveCfg = Debug|x64
		{BC75CD23-CB75-4233-A305-B7328825A9A5}.Debug|x64.Build.0 = Debug|x64
		{BC75CD23-CB75-4233-A305-B7328825A9A5}.Debug|x86.ActiveCfg = Debug|x64
		{BC75CD23-CB75-4233-A305-B7328825A9A5}.Debug|x86.Build.0 = Debug|x64
		{BC75CD23-CB75-4233-A305-B7328825A9A5}.Release|Any CPU.ActiveCfg = Release|x64
		{BC75CD23-CB75-4233-A305-B7328825A9A5}.Release|Any CPU.Build.0 = Release|x64
		{BC75CD23-CB75-4233-A305-B7328825A9A5}.Release|x64.ActiveCfg = Release|x64
		{BC75CD23-CB75-4233-A305-B7328825A9A5}.Release|x64.Build.0 = Release|x64
		{BC75CD23-CB75-4233-A305-B7328825A9A5}.Release|x86.ActiveCfg = Release|x64
		{BC75CD23-CB75-4233-A305-B7328825A9A5}.Release|x86.Build.0 = Release|x64
		{C28C7710-76B1-4FFD-A85A-9AEFDA25EE65}.Debug|Any CPU.ActiveCfg = Debug|x64
		{C28C7710-76B1-4FFD-A85A-9AEFDA25EE65}.Debug|Any CPU.Build.0 = Debug|x64
		{C28C7710-76B1-4FFD-A85A-9AEFDA25EE65}.Debug|x64.ActiveCfg = Debug|x64
		{C28C7710-76B1-4FFD-A85A-9AEFDA25EE65}.Debug|x64.Build.0 = Debug|x64
		{C28C7710-76B1-4FFD-A85A-9AEFDA25EE65}.Debug|x86.ActiveCfg = Debug|Win32
		{C28C7710-76B1-4FFD-A85A-9AEFDA25EE65}.Debug|x86.Build.0 = Debug|Win32
		{C28C7710-76B1-4FFD-A85A-9AEFDA25EE65}.Release|Any CPU.ActiveCfg = Release|x64
		{C28C7710-76B1-4FFD-A85A-9AEFDA25EE65}.Release|Any CPU.Build.0 = Release|x64
		{C28C7710-76B1-4FFD-A85A-9AEFDA25EE65}.Release|x64.ActiveCfg = Release|x64
		{C28C7710-76B1-4FFD-A85A-9AEFDA25EE65}.Release|x64.Build.0 = Release|x64
		{C28C7710-76B1-4FFD-A85A-9AEFDA25EE65}.Release|x86.ActiveCfg = Release|Win32
		{C28C7710-76B1-4FFD-A85A-9AEFDA25EE65}.Release|x86.Build.0 = Release|Win32
		{D5F70D9D-F53C-4149-8437-DC51B9E7DA46}.Debug|Any CPU.ActiveCfg = Debug|x64
		{D5F70D9D-F53C-4149-8437-DC51B9E7DA46}.Debug|Any CPU.Build.0 = Debug|x64
		{D5F70D9D-F53C-4149-8437-DC51B9E7DA46}.Debug|x64.ActiveCfg = Debug|x64
		{D5F70D9D-F53C-4149-8437-DC51B9E7DA46}.Debug|x64.Build.0 = Debug|x64
		{D5F70D9D-F53C-4149-8437-DC51B9E7DA46}.Debug|x86.ActiveCfg = Debug|Win32
		{D5F70D9D-F53C-4149-8437-DC51B9E7DA46}.Debug|x86.Build.0 = Debug|Win32
		{D5F70D9D-F53C-4149-8437-DC51B9E7DA46}.Release|Any CPU.ActiveCfg = Release|x64
		{D5F70D9D-F53C-4149-8437-DC51B9E7DA46}.Release|Any CPU.Build.0 = Release|x64
		{D5F70D9D-F53C-4149-8437-DC51B9E7DA46}.Release|x64.ActiveCfg = Release|x64
		{D5F70D9D-F53C-4149-8437-DC51B9E7DA46}.Release|x64.Build.0 = Release|x64
		{D5F70D9D-F53C-4149-8437-DC51B9E7DA46}.Release|x86.ActiveCfg = Release|Win32
		{D5F70D9D-F53C-4149-8437-DC51B9E7DA46}.Release|x86.Build.0 = Release|Win32
		{74B28A8A-8DBD-4C8D-9CB7-D40319B953DE}.Debug|Any CPU.ActiveCfg = Debug|x64
		{74B28A8A-8DBD-4C8D-9CB7-D40319B953DE}.Debug|Any CPU.Build.0 = Debug|x64
		{74B28A8A-8DBD-4C8D-9CB7-D40319B953DE}.Debug|x64.ActiveCfg = Debug|x64
		{74B28A8A-8DBD-4C8D-9CB7-D40319B953DE}.Debug|x64.Build.0 = Debug|x64
		{74B28A8A-8DBD-4C8D-9CB7-D40319B953DE}.Debug|x86.ActiveCfg = Debug|Win32
		{74B28A8A-8DBD-4C8D-9CB7-D40319B953DE}.Debug|x86.Build.0 = Debug|Win32
		{74B28A8A-8DBD-4C8D-9CB7-D40319B953DE}.Release|Any CPU.ActiveCfg = Release|x64
		{74B28A8A-8DBD-4C8D-9CB7-D40319B953DE}.Release|Any CPU.Build.0 = Release|x64
		{74B28A8A-8DBD-4C8D-9CB7-D40319B953DE}.Release|x64.ActiveCfg = Release|x64
		{74B28A8A-8DBD-4C8D-9CB7-D40319B953DE}.Release|x64.Build.0 = Release|x64
		{74B28A8A-8DBD-4C8D-9CB7-D40319B953DE}.Release|x86.ActiveCfg = Release|Win32
		{74B28A8A-8DBD-4C8D-9CB7-D40319B953DE}.Release|x86.Build.0 = Release|Win32
		{C3349C81-674F-3303-8289-7EEFAD6963E3}.Debug|Any CPU.ActiveCfg = Debug|x64
		{C3349C81-674F-3303-8289-7EEFAD6963E3}.Debug|Any CPU.Build.0 = Debug|x64
		{C3349C81-674F-3303-8289-7EEFAD6963E3}.Debug|x64.ActiveCfg = Debug|x64
		{C3349C81-674F-3303-8289-7EEFAD6963E3}.Debug|x64.Build.0 = Debug|x64
		{C3349C81-674F-3303-8289-7EEFAD6963E3}.Debug|x86.ActiveCfg = Debug|x64
		{C3349C81-674F-3303-8289-7EEFAD6963E3}.Debug|x86.Build.0 = Debug|x64
		{C3349C81-674F-3303-8289-7EEFAD6963E3}.Release|Any CPU.ActiveCfg = Release|x64
		{C3349C81-674F-3303-8289-7EEFAD6963E3}.Release|Any CPU.Build.0 = Release|x64
		{C3349C81-674F-3303-8289-7EEFAD6963E3}.Release|x64.ActiveCfg = Release|x64
		{C3349C81-674F-3303-8289-7EEFAD6963E3}.Release|x64.Build.0 = Release|x64
		{C3349C81-674F-3303-8289-7EEFAD6963E3}.Release|x86.ActiveCfg = Release|x64
		{C3349C81-674F-3303-8289-7EEFAD6963E3}.Release|x86.Build.0 = Release|x64
	EndGlobalSection
	GlobalSection(SolutionProperties) = preSolution
		HideSolutionNode = FALSE
	EndGlobalSection
	GlobalSection(NestedProjects) = preSolution
		{ADEF44F0-0618-4E3F-8594-5749E72F212F} = {6B5109F9-C46B-4C82-B4E0-C6F35D51287F}
		{6B5109F9-C46B-4C82-B4E0-C6F35D51287F} = {A6F4B784-8E1F-4048-BBB8-BE3C26215874}
		{EEB29609-6D94-443D-AD65-580C12366DA7} = {A6F4B784-8E1F-4048-BBB8-BE3C26215874}
		{80D2720A-C582-4E89-AE93-2FB5B307C1CE} = {6B5109F9-C46B-4C82-B4E0-C6F35D51287F}
		{CB73C01A-CF04-4B34-A508-3004D4E0C26D} = {6B5109F9-C46B-4C82-B4E0-C6F35D51287F}
		{B6BCFC49-994D-49F7-994B-2D9E70176E92} = {6B5109F9-C46B-4C82-B4E0-C6F35D51287F}
		{983BB988-AD78-40B5-B17D-10C006FA5B03} = {6B5109F9-C46B-4C82-B4E0-C6F35D51287F}
		{E28A757E-F87F-45CE-8E20-7DA6446C7E08} = {6B5109F9-C46B-4C82-B4E0-C6F35D51287F}
		{B5A11801-0E55-428A-88CC-5B2005377A09} = {6B5109F9-C46B-4C82-B4E0-C6F35D51287F}
		{0D80EE68-0E4B-4810-8BEE-28803ABE001E} = {A6F4B784-8E1F-4048-BBB8-BE3C26215874}
		{CE9FF1CB-798C-4300-BAB4-3071B020A980} = {6B5109F9-C46B-4C82-B4E0-C6F35D51287F}
		{375293F7-614A-40B1-9D8D-CB06F895851A} = {A6F4B784-8E1F-4048-BBB8-BE3C26215874}
		{F073FF7F-533E-4DE8-B8A0-32A6A9294D55} = {375293F7-614A-40B1-9D8D-CB06F895851A}
		{1EA986CC-9732-4257-9BB0-42E8B450D5BA} = {6B5109F9-C46B-4C82-B4E0-C6F35D51287F}
		{1378E18D-1A51-4733-BBC1-5FF7C85DF6C3} = {EEB29609-6D94-443D-AD65-580C12366DA7}
		{1C741C2F-3278-43D8-9FD2-E631A64B70AE} = {6B5109F9-C46B-4C82-B4E0-C6F35D51287F}
		{BC75CD23-CB75-4233-A305-B7328825A9A5} = {6B5109F9-C46B-4C82-B4E0-C6F35D51287F}
		{C28C7710-76B1-4FFD-A85A-9AEFDA25EE65} = {6B5109F9-C46B-4C82-B4E0-C6F35D51287F}
		{D5F70D9D-F53C-4149-8437-DC51B9E7DA46} = {375293F7-614A-40B1-9D8D-CB06F895851A}
		{74B28A8A-8DBD-4C8D-9CB7-D40319B953DE} = {6B5109F9-C46B-4C82-B4E0-C6F35D51287F}
		{C3349C81-674F-3303-8289-7EEFAD6963E3} = {6B5109F9-C46B-4C82-B4E0-C6F35D51287F}
	EndGlobalSection
	GlobalSection(ExtensibilityGlobals) = postSolution
		SolutionGuid = {4D06F66A-5E2C-46A7-B8A4-B9A71BB53210}
	EndGlobalSection
EndGlobal
